
Microsoft Visual Studio Solution File, Format Version 12.00
# Visual Studio Version 16
VisualStudioVersion = 16.0.31019.35
MinimumVisualStudioVersion = 10.0.40219.1
Project("{FAE04EC0-301F-11D3-BF4B-00C04F79EFBC}") = "ApiShort", "ApiShort\ApiShort.csproj", "{11D3B8E7-0CA9-4454-940C-10D7EA8AB13A}"
EndProject
Global
	GlobalSection(SolutionConfigurationPlatforms) = preSolution
		Debug|Any CPU = Debug|Any CPU
		Release|Any CPU = Release|Any CPU
	EndGlobalSection
	GlobalSection(ProjectConfigurationPlatforms) = postSolution
		{11D3B8E7-0CA9-4454-940C-10D7EA8AB13A}.Debug|Any CPU.ActiveCfg = Debug|Any CPU
		{11D3B8E7-0CA9-4454-940C-10D7EA8AB13A}.Debug|Any CPU.Build.0 = Debug|Any CPU
		{11D3B8E7-0CA9-4454-940C-10D7EA8AB13A}.Release|Any CPU.ActiveCfg = Release|Any CPU
		{11D3B8E7-0CA9-4454-940C-10D7EA8AB13A}.Release|Any CPU.Build.0 = Release|Any CPU
	EndGlobalSection
	GlobalSection(SolutionProperties) = preSolution
		HideSolutionNode = FALSE
	EndGlobalSection
	GlobalSection(ExtensibilityGlobals) = postSolution
		SolutionGuid = {5DEFAC76-4CB2-47AE-848D-9AB2F6C01091}
	EndGlobalSection
EndGlobal
